
Microsoft Visual Studio Solution File, Format Version 12.00
# Visual Studio Version 17
VisualStudioVersion = 17.10.35004.147
MinimumVisualStudioVersion = 10.0.40219.1
Project("{8BC9CEB8-8B4A-11D0-8D11-00A0C91BC942}") = "Engine", "Engine\Engine.vcxproj", "{5E724F71-5DE3-489D-AA51-85391ABE52AB}"
EndProject
Project("{8BC9CEB8-8B4A-11D0-8D11-00A0C91BC942}") = "Cart", "Cart\Cart.vcxproj", "{A02D451F-E9AD-4857-9F07-02923F00CAC0}"
EndProject
Project("{8BC9CEB8-8B4A-11D0-8D11-00A0C91BC942}") = "Library", "Library\Library.vcxproj", "{C1E0044D-6F1E-459D-8FC4-3CFC47394B00}"
EndProject
Global
	GlobalSection(SolutionConfigurationPlatforms) = preSolution
		Debug|x64 = Debug|x64
		Debug|x86 = Debug|x86
		Release|x64 = Release|x64
		Release|x86 = Release|x86
	EndGlobalSection
	GlobalSection(ProjectConfigurationPlatforms) = postSolution
		{5E724F71-5DE3-489D-AA51-85391ABE52AB}.Debug|x64.ActiveCfg = Debug|x64
		{5E724F71-5DE3-489D-AA51-85391ABE52AB}.Debug|x64.Build.0 = Debug|x64
		{5E724F71-5DE3-489D-AA51-85391ABE52AB}.Debug|x86.ActiveCfg = Debug|Win32
		{5E724F71-5DE3-489D-AA51-85391ABE52AB}.Debug|x86.Build.0 = Debug|Win32
		{5E724F71-5DE3-489D-AA51-85391ABE52AB}.Release|x64.ActiveCfg = Release|x64
		{5E724F71-5DE3-489D-AA51-85391ABE52AB}.Release|x64.Build.0 = Release|x64
		{5E724F71-5DE3-489D-AA51-85391ABE52AB}.Release|x86.ActiveCfg = Release|Win32
		{5E724F71-5DE3-489D-AA51-85391ABE52AB}.Release|x86.Build.0 = Release|Win32
		{A02D451F-E9AD-4857-9F07-02923F00CAC0}.Debug|x64.ActiveCfg = Debug|x64
		{A02D451F-E9AD-4857-9F07-02923F00CAC0}.Debug|x64.Build.0 = Debug|x64
		{A02D451F-E9AD-4857-9F07-02923F00CAC0}.Debug|x86.ActiveCfg = Debug|Win32
		{A02D451F-E9AD-4857-9F07-02923F00CAC0}.Debug|x86.Build.0 = Debug|Win32
		{A02D451F-E9AD-4857-9F07-02923F00CAC0}.Release|x64.ActiveCfg = Release|x64
		{A02D451F-E9AD-4857-9F07-02923F00CAC0}.Release|x64.Build.0 = Release|x64
		{A02D451F-E9AD-4857-9F07-02923F00CAC0}.Release|x86.ActiveCfg = Release|Win32
		{A02D451F-E9AD-4857-9F07-02923F00CAC0}.Release|x86.Build.0 = Release|Win32
		{C1E0044D-6F1E-459D-8FC4-3CFC47394B00}.Debug|x64.ActiveCfg = Debug|x64
		{C1E0044D-6F1E-459D-8FC4-3CFC47394B00}.Debug|x64.Build.0 = Debug|x64
		{C1E0044D-6F1E-459D-8FC4-3CFC47394B00}.Debug|x86.ActiveCfg = Debug|Win32
		{C1E0044D-6F1E-459D-8FC4-3CFC47394B00}.Debug|x86.Build.0 = Debug|Win32
		{C1E0044D-6F1E-459D-8FC4-3CFC47394B00}.Release|x64.ActiveCfg = Release|x64
		{C1E0044D-6F1E-459D-8FC4-3CFC47394B00}.Release|x64.Build.0 = Release|x64
		{C1E0044D-6F1E-459D-8FC4-3CFC47394B00}.Release|x86.ActiveCfg = Release|Win32
		{C1E0044D-6F1E-459D-8FC4-3CFC47394B00}.Release|x86.Build.0 = Release|Win32
	EndGlobalSection
	GlobalSection(SolutionProperties) = preSolution
		HideSolutionNode = FALSE
	EndGlobalSection
	GlobalSection(ExtensibilityGlobals) = postSolution
		SolutionGuid = {2B3A9A3F-C1FB-49FF-AAF0-DA0A7C623F53}
	EndGlobalSection
EndGlobal
